
Microsoft Visual Studio Solution File, Format Version 12.00
# Visual Studio Version 16
VisualStudioVersion = 16.0.29911.84
MinimumVisualStudioVersion = 10.0.40219.1
Project("{9A19103F-16F7-4668-BE54-9A1E7A4F7556}") = "ARConsistency", "ARConsistency\ARConsistency.csproj", "{5671AEEE-6026-4DF7-8E03-D97C7D2621BE}"
EndProject
Project("{2150E333-8FDC-42A3-9474-1A3956D46DE8}") = "Test", "Test", "{21BA718B-19C5-4132-9D85-DEE9EF0008DE}"
EndProject
Project("{FAE04EC0-301F-11D3-BF4B-00C04F79EFBC}") = "TestApi", "TestApi\TestApi.csproj", "{B14E41B0-D278-44ED-9F82-7227EC131006}"
EndProject
Global
	GlobalSection(SolutionConfigurationPlatforms) = preSolution
		Debug|Any CPU = Debug|Any CPU
		Release|Any CPU = Release|Any CPU
	EndGlobalSection
	GlobalSection(ProjectConfigurationPlatforms) = postSolution
		{5671AEEE-6026-4DF7-8E03-D97C7D2621BE}.Debug|Any CPU.ActiveCfg = Debug|Any CPU
		{5671AEEE-6026-4DF7-8E03-D97C7D2621BE}.Debug|Any CPU.Build.0 = Debug|Any CPU
		{5671AEEE-6026-4DF7-8E03-D97C7D2621BE}.Release|Any CPU.ActiveCfg = Release|Any CPU
		{5671AEEE-6026-4DF7-8E03-D97C7D2621BE}.Release|Any CPU.Build.0 = Release|Any CPU
		{B14E41B0-D278-44ED-9F82-7227EC131006}.Debug|Any CPU.ActiveCfg = Debug|Any CPU
		{B14E41B0-D278-44ED-9F82-7227EC131006}.Debug|Any CPU.Build.0 = Debug|Any CPU
		{B14E41B0-D278-44ED-9F82-7227EC131006}.Release|Any CPU.ActiveCfg = Release|Any CPU
		{B14E41B0-D278-44ED-9F82-7227EC131006}.Release|Any CPU.Build.0 = Release|Any CPU
	EndGlobalSection
	GlobalSection(SolutionProperties) = preSolution
		HideSolutionNode = FALSE
	EndGlobalSection
	GlobalSection(NestedProjects) = preSolution
		{B14E41B0-D278-44ED-9F82-7227EC131006} = {21BA718B-19C5-4132-9D85-DEE9EF0008DE}
	EndGlobalSection
	GlobalSection(ExtensibilityGlobals) = postSolution
		SolutionGuid = {22410F08-F89A-4450-91E4-A3C8070F172D}
	EndGlobalSection
EndGlobal
